// !$*UTF8*$!
{
	archiveVersion = 1;
	classes = {
	};
	objectVersion = 48;
	objects = {

/* Begin PBXBuildFile section */
		A05755762047EFA9009F7056 /* AppDelegate.m in Sources */ = {isa = PBXBuildFile; fileRef = A05755752047EFA9009F7056 /* AppDelegate.m */; };
		A05755792047EFA9009F7056 /* ViewController.m in Sources */ = {isa = PBXBuildFile; fileRef = A05755782047EFA9009F7056 /* ViewController.m */; };
		A057557C2047EFA9009F7056 /* Main.storyboard in Resources */ = {isa = PBXBuildFile; fileRef = A057557A2047EFA9009F7056 /* Main.storyboard */; };
		A057557E2047EFA9009F7056 /* Assets.xcassets in Resources */ = {isa = PBXBuildFile; fileRef = A057557D2047EFA9009F7056 /* Assets.xcassets */; };
		A05755812047EFA9009F7056 /* LaunchScreen.storyboard in Resources */ = {isa = PBXBuildFile; fileRef = A057557F2047EFA9009F7056 /* LaunchScreen.storyboard */; };
		A05755842047EFA9009F7056 /* main.m in Sources */ = {isa = PBXBuildFile; fileRef = A05755832047EFA9009F7056 /* main.m */; };
/* End PBXBuildFile section */

/* Begin PBXFileReference section */
		A05755712047EFA9009F7056 /* SafetyButtons.app */ = {isa = PBXFileReference; explicitFileType = wrapper.application; includeInIndex = 0; path = SafetyButtons.app; sourceTree = BUILT_PRODUCTS_DIR; };
		A05755742047EFA9009F7056 /* AppDelegate.h */ = {isa = PBXFileReference; lastKnownFileType = sourcecode.c.h; path = AppDelegate.h; sourceTree = "<group>"; };
		A05755752047EFA9009F7056 /* AppDelegate.m */ = {isa = PBXFileReference; lastKnownFileType = sourcecode.c.objc; path = AppDelegate.m; sourceTree = "<group>"; };
		A05755772047EFA9009F7056 /* ViewController.h */ = {isa = PBXFileReference; lastKnownFileType = sourcecode.c.h; path = ViewController.h; sourceTree = "<group>"; };
		A05755782047EFA9009F7056 /* ViewController.m */ = {isa = PBXFileReference; lastKnownFileType = sourcecode.c.objc; path = ViewController.m; sourceTree = "<group>"; };
		A057557B2047EFA9009F7056 /* Base */ = {isa = PBXFileReference; lastKnownFileType = file.storyboard; name = Base; path = Base.lproj/Main.storyboard; sourceTree = "<group>"; };
		A057557D2047EFA9009F7056 /* Assets.xcassets */ = {isa = PBXFileReference; lastKnownFileType = folder.assetcatalog; path = Assets.xcassets; sourceTree = "<group>"; };
		A05755802047EFA9009F7056 /* Base */ = {isa = PBXFileReference; lastKnownFileType = file.storyboard; name = Base; path = Base.lproj/LaunchScreen.storyboard; sourceTree = "<group>"; };
		A05755822047EFA9009F7056 /* Info.plist */ = {isa = PBXFileReference; lastKnownFileType = text.plist.xml; path = Info.plist; sourceTree = "<group>"; };
		A05755832047EFA9009F7056 /* main.m */ = {isa = PBXFileReference; lastKnownFileType = sourcecode.c.objc; path = main.m; sourceTree = "<group>"; };
/* End PBXFileReference section */

/* Begin PBXFrameworksBuildPhase section */
		A057556E2047EFA9009F7056 /* Frameworks */ = {
			isa = PBXFrameworksBuildPhase;
			buildActionMask = 2147483647;
			files = (
			);
			runOnlyForDeploymentPostprocessing = 0;
		};
/* End PBXFrameworksBuildPhase section */

/* Begin PBXGroup section */
		A05755682047EFA9009F7056 = {
			isa = PBXGroup;
			children = (
				A05755732047EFA9009F7056 /* SafetyButtons */,
				A05755722047EFA9009F7056 /* Products */,
			);
			sourceTree = "<group>";
		};
		A05755722047EFA9009F7056 /* Products */ = {
			isa = PBXGroup;
			children = (
				A05755712047EFA9009F7056 /* SafetyButtons.app */,
			);
			name = Products;
			sourceTree = "<group>";
		};
		A05755732047EFA9009F7056 /* SafetyButtons */ = {
			isa = PBXGroup;
			children = (
				A05755742047EFA9009F7056 /* AppDelegate.h */,
				A05755752047EFA9009F7056 /* AppDelegate.m */,
				A05755772047EFA9009F7056 /* ViewController.h */,
				A05755782047EFA9009F7056 /* ViewController.m */,
				A057557A2047EFA9009F7056 /* Main.storyboard */,
				A057557D2047EFA9009F7056 /* Assets.xcassets */,
				A057557F2047EFA9009F7056 /* LaunchScreen.storyboard */,
				A05755822047EFA9009F7056 /* Info.plist */,
				A05755832047EFA9009F7056 /* main.m */,
			);
			path = SafetyButtons;
			sourceTree = "<group>";
		};
/* End PBXGroup section */

/* Begin PBXNativeTarget section */
		A05755702047EFA9009F7056 /* SafetyButtons */ = {
			isa = PBXNativeTarget;
			buildConfigurationList = A05755872047EFA9009F7056 /* Build configuration list for PBXNativeTarget "SafetyButtons" */;
			buildPhases = (
				A057556D2047EFA9009F7056 /* Sources */,
				A057556E2047EFA9009F7056 /* Frameworks */,
				A057556F2047EFA9009F7056 /* Resources */,
			);
			buildRules = (
			);
			dependencies = (
			);
			name = SafetyButtons;
			productName = SafetyButtons;
			productReference = A05755712047EFA9009F7056 /* SafetyButtons.app */;
			productType = "com.apple.product-type.application";
		};
/* End PBXNativeTarget section */

/* Begin PBXProject section */
		A05755692047EFA9009F7056 /* Project object */ = {
			isa = PBXProject;
			attributes = {
				LastUpgradeCheck = 0920;
				ORGANIZATIONNAME = YanYi;
				TargetAttributes = {
					A05755702047EFA9009F7056 = {
						CreatedOnToolsVersion = 9.2;
						ProvisioningStyle = Automatic;
					};
				};
			};
			buildConfigurationList = A057556C2047EFA9009F7056 /* Build configuration list for PBXProject "SafetyButtons" */;
			compatibilityVersion = "Xcode 8.0";
			developmentRegion = en;
			hasScannedForEncodings = 0;
			knownRegions = (
				en,
				Base,
			);
			mainGroup = A05755682047EFA9009F7056;
			productRefGroup = A05755722047EFA9009F7056 /* Products */;
			projectDirPath = "";
			projectRoot = "";
			targets = (
				A05755702047EFA9009F7056 /* SafetyButtons */,
			);
		};
/* End PBXProject section */

/* Begin PBXResourcesBuildPhase section */
		A057556F2047EFA9009F7056 /* Resources */ = {
			isa = PBXResourcesBuildPhase;
			buildActionMask = 2147483647;
			files = (
				A05755812047EFA9009F7056 /* LaunchScreen.storyboard in Resources */,
				A057557E2047EFA9009F7056 /* Assets.xcassets in Resources */,
				A057557C2047EFA9009F7056 /* Main.storyboard in Resources */,
			);
			runOnlyForDeploymentPostprocessing = 0;
		};
/* End PBXResourcesBuildPhase section */

/* Begin PBXSourcesBuildPhase section */
		A057556D2047EFA9009F7056 /* Sources */ = {
			isa = PBXSourcesBuildPhase;
			buildActionMask = 2147483647;
			files = (
				A05755792047EFA9009F7056 /* ViewController.m in Sources */,
				A05755842047EFA9009F7056 /* main.m in Sources */,
				A05755762047EFA9009F7056 /* AppDelegate.m in Sources */,
			);
			runOnlyForDeploymentPostprocessing = 0;
		};
/* End PBXSourcesBuildPhase section */

/* Begin PBXVariantGroup section */
		A057557A2047EFA9009F7056 /* Main.storyboard */ = {
			isa = PBXVariantGroup;
			children = (
				A057557B2047EFA9009F7056 /* Base */,
			);
			name = Main.storyboard;
			sourceTree = "<group>";
		};
		A057557F2047EFA9009F7056 /* LaunchScreen.storyboard */ = {
			isa = PBXVariantGroup;
			children = (
				A05755802047EFA9009F7056 /* Base */,
			);
			name = LaunchScreen.storyboard;
			sourceTree = "<group>";
		};
/* End PBXVariantGroup section */

/* Begin XCBuildConfiguration section */
		A05755852047EFA9009F7056 /* Debug */ = {
			isa = XCBuildConfiguration;
			buildSettings = {
				ALWAYS_SEARCH_USER_PATHS = NO;
				CLANG_ANALYZER_NONNULL = YES;
				CLANG_ANALYZER_NUMBER_OBJECT_CONVERSION = YES_AGGRESSIVE;
				CLANG_CXX_LANGUAGE_STANDARD = "gnu++14";
				CLANG_CXX_LIBRARY = "libc++";
				CLANG_ENABLE_MODULES = YES;
				CLANG_ENABLE_OBJC_ARC = YES;
				CLANG_WARN_BLOCK_CAPTURE_AUTORELEASING = YES;
				CLANG_WARN_BOOL_CONVERSION = YES;
				CLANG_WARN_COMMA = YES;
				CLANG_WARN_CONSTANT_CONVERSION = YES;
				CLANG_WARN_DIRECT_OBJC_ISA_USAGE = YES_ERROR;
				CLANG_WARN_DOCUMENTATION_COMMENTS = YES;
				CLANG_WARN_EMPTY_BODY = YES;
				CLANG_WARN_ENUM_CONVERSION = YES;
				CLANG_WARN_INFINITE_RECURSION = YES;
				CLANG_WARN_INT_CONVERSION = YES;
				CLANG_WARN_NON_LITERAL_NULL_CONVERSION = YES;
				CLANG_WARN_OBJC_LITERAL_CONVERSION = YES;
				CLANG_WARN_OBJC_ROOT_CLASS = YES_ERROR;
				CLANG_WARN_RANGE_LOOP_ANALYSIS = YES;
				CLANG_WARN_STRICT_PROTOTYPES = YES;
				CLANG_WARN_SUSPICIOUS_MOVE = YES;
				CLANG_WARN_UNGUARDED_AVAILABILITY = YES_AGGRESSIVE;
				CLANG_WARN_UNREACHABLE_CODE = YES;
				CLANG_WARN__DUPLICATE_METHOD_MATCH = YES;
				CODE_SIGN_IDENTITY = "iPhone Developer";
				COPY_PHASE_STRIP = NO;
				DEBUG_INFORMATION_FORMAT = dwarf;
				ENABLE_STRICT_OBJC_MSGSEND = YES;
				ENABLE_TESTABILITY = YES;
				GCC_C_LANGUAGE_STANDARD = gnu11;
				GCC_DYNAMIC_NO_PIC = NO;
				GCC_NO_COMMON_BLOCKS = YES;
				GCC_OPTIMIZATION_LEVEL = 0;
				GCC_PREPROCESSOR_DEFINITIONS = (
					"DEBUG=1",
					"$(inherited)",
				);
				GCC_WARN_64_TO_32_BIT_CONVERSION = YES;
				GCC_WARN_ABOUT_RETURN_TYPE = YES_ERROR;
				GCC_WARN_UNDECLARED_SELECTOR = YES;
				GCC_WARN_UNINITIALIZED_AUTOS = YES_AGGRESSIVE;
				GCC_WARN_UNUSED_FUNCTION = YES;
				GCC_WARN_UNUSED_VARIABLE = YES;
				IPHONEOS_DEPLOYMENT_TARGET = 11.2;
				MTL_ENABLE_DEBUG_INFO = YES;
				ONLY_ACTIVE_ARCH = YES;
				SDKROOT = iphoneos;
			};
			name = Debug;
		};
		A05755862047EFA9009F7056 /* Release */ = {
			isa = XCBuildConfiguration;
			buildSettings = {
				ALWAYS_SEARCH_USER_PATHS = NO;
				CLANG_ANALYZER_NONNULL = YES;
				CLANG_ANALYZER_NUMBER_OBJECT_CONVERSION = YES_AGGRESSIVE;
				CLANG_CXX_LANGUAGE_STANDARD = "gnu++14";
				CLANG_CXX_LIBRARY = "libc++";
				CLANG_ENABLE_MODULES = YES;
				CLANG_ENABLE_OBJC_ARC = YES;
				CLANG_WARN_BLOCK_CAPTURE_AUTORELEASING = YES;
				CLANG_WARN_BOOL_CONVERSION = YES;
				CLANG_WARN_COMMA = YES;
				CLANG_WARN_CONSTANT_CONVERSION = YES;
				CLANG_WARN_DIRECT_OBJC_ISA_USAGE = YES_ERROR;
				CLANG_WARN_DOCUMENTATION_COMMENTS = YES;
				CLANG_WARN_EMPTY_BODY = YES;
				CLANG_WARN_ENUM_CONVERSION = YES;
				CLANG_WARN_INFINITE_RECURSION = YES;
				CLANG_WARN_INT_CONVERSION = YES;
				CLANG_WARN_NON_LITERAL_NULL_CONVERSION = YES;
				CLANG_WARN_OBJC_LITERAL_CONVERSION = YES;
				CLANG_WARN_OBJC_ROOT_CLASS = YES_ERROR;
				CLANG_WARN_RANGE_LOOP_ANALYSIS = YES;
				CLANG_WARN_STRICT_PROTOTYPES = YES;
				CLANG_WARN_SUSPICIOUS_MOVE = YES;
				CLANG_WARN_UNGUARDED_AVAILABILITY = YES_AGGRESSIVE;
				CLANG_WARN_UNREACHABLE_CODE = YES;
				CLANG_WARN__DUPLICATE_METHOD_MATCH = YES;
				CODE_SIGN_IDENTITY = "iPhone Developer";
				COPY_PHASE_STRIP = NO;
				DEBUG_INFORMATION_FORMAT = "dwarf-with-dsym";
				ENABLE_NS_ASSERTIONS = NO;
				ENABLE_STRICT_OBJC_MSGSEND = YES;
				GCC_C_LANGUAGE_STANDARD = gnu11;
				GCC_NO_COMMON_BLOCKS = YES;
				GCC_WARN_64_TO_32_BIT_CONVERSION = YES;
				GCC_WARN_ABOUT_RETURN_TYPE = YES_ERROR;
				GCC_WARN_UNDECLARED_SELECTOR = YES;
				GCC_WARN_UNINITIALIZED_AUTOS = YES_AGGRESSIVE;
				GCC_WARN_UNUSED_FUNCTION = YES;
				GCC_WARN_UNUSED_VARIABLE = YES;
				IPHONEOS_DEPLOYMENT_TARGET = 11.2;
				MTL_ENABLE_DEBUG_INFO = NO;
				SDKROOT = iphoneos;
				VALIDATE_PRODUCT = YES;
			};
			name = Release;
		};
		A05755882047EFA9009F7056 /* Debug */ = {
			isa = XCBuildConfiguration;
			buildSettings = {
				ASSETCATALOG_COMPILER_APPICON_NAME = AppIcon;
				CODE_SIGN_STYLE = Automatic;
				DEVELOPMENT_TEAM = NB834M3BNU;
				INFOPLIST_FILE = SafetyButtons/Info.plist;
				IPHONEOS_DEPLOYMENT_TARGET = 8.0;
				LD_RUNPATH_SEARCH_PATHS = "$(inherited) @executable_path/Frameworks";
				PRODUCT_BUNDLE_IDENTIFIER = com.YanYi.SafetyButtons;
				PRODUCT_NAME = "$(TARGET_NAME)";
				TARGETED_DEVICE_FAMILY = "1,2";
			};
			name = Debug;
		};
		A05755892047EFA9009F7056 /* Release */ = {
			isa = XCBuildConfiguration;
			buildSettings = {
				ASSETCATALOG_COMPILER_APPICON_NAME = AppIcon;
				CODE_SIGN_STYLE = Automatic;
				DEVELOPMENT_TEAM = NB834M3BNU;
				INFOPLIST_FILE = SafetyButtons/Info.plist;
				IPHONEOS_DEPLOYMENT_TARGET = 8.0;
				LD_RUNPATH_SEARCH_PATHS = "$(inherited) @executable_path/Frameworks";
				PRODUCT_BUNDLE_IDENTIFIER = com.YanYi.SafetyButtons;
				PRODUCT_NAME = "$(TARGET_NAME)";
				TARGETED_DEVICE_FAMILY = "1,2";
			};
			name = Release;
		};
/* End XCBuildConfiguration section */

/* Begin XCConfigurationList section */
		A057556C2047EFA9009F7056 /* Build configuration list for PBXProject "SafetyButtons" */ = {
			isa = XCConfigurationList;
			buildConfigurations = (
				A05755852047EFA9009F7056 /* Debug */,
				A05755862047EFA9009F7056 /* Release */,
			);
			defaultConfigurationIsVisible = 0;
			defaultConfigurationName = Release;
		};
		A05755872047EFA9009F7056 /* Build configuration list for PBXNativeTarget "SafetyButtons" */ = {
			isa = XCConfigurationList;
			buildConfigurations = (
				A05755882047EFA9009F7056 /* Debug */,
				A05755892047EFA9009F7056 /* Release */,
			);
			defaultConfigurationIsVisible = 0;
			defaultConfigurationName = Release;
		};
/* End XCConfigurationList section */
	};
	rootObject = A05755692047EFA9009F7056 /* Project object */;
}
